// !$*UTF8*$!
{
	archiveVersion = 1;
	classes = {
	};
	objectVersion = 48;
	objects = {

/* Begin PBXBuildFile section */
		458491221F46648A00C4976E /* LoginVC.swift in Sources */ = {isa = PBXBuildFile; fileRef = 458491211F46648A00C4976E /* LoginVC.swift */; };
		458491241F472DDE00C4976E /* CreateAccountVC.swift in Sources */ = {isa = PBXBuildFile; fileRef = 458491231F472DDE00C4976E /* CreateAccountVC.swift */; };
		45CDFF031F4622ED00B31D6F /* GradientView.swift in Sources */ = {isa = PBXBuildFile; fileRef = 45CDFF021F4622ED00B31D6F /* GradientView.swift */; };
		45E7476D1F46488E00B9D99C /* Constants.swift in Sources */ = {isa = PBXBuildFile; fileRef = 45E7476C1F46488E00B9D99C /* Constants.swift */; };
		45EBF3901F45EB9A00A82FB9 /* AppDelegate.swift in Sources */ = {isa = PBXBuildFile; fileRef = 45EBF38F1F45EB9A00A82FB9 /* AppDelegate.swift */; };
		45EBF3951F45EB9A00A82FB9 /* Main.storyboard in Resources */ = {isa = PBXBuildFile; fileRef = 45EBF3931F45EB9A00A82FB9 /* Main.storyboard */; };
		45EBF3971F45EB9A00A82FB9 /* Assets.xcassets in Resources */ = {isa = PBXBuildFile; fileRef = 45EBF3961F45EB9A00A82FB9 /* Assets.xcassets */; };
		45EBF39A1F45EB9A00A82FB9 /* LaunchScreen.storyboard in Resources */ = {isa = PBXBuildFile; fileRef = 45EBF3981F45EB9A00A82FB9 /* LaunchScreen.storyboard */; };
		45EBF3A51F45F41C00A82FB9 /* SWRevealViewController.m in Sources */ = {isa = PBXBuildFile; fileRef = 45EBF3A41F45F41C00A82FB9 /* SWRevealViewController.m */; };
		45EBF3AA1F461DBC00A82FB9 /* ChatVC.swift in Sources */ = {isa = PBXBuildFile; fileRef = 45EBF3A91F461DBC00A82FB9 /* ChatVC.swift */; };
		45EBF3AC1F461DCE00A82FB9 /* ChannelVC.swift in Sources */ = {isa = PBXBuildFile; fileRef = 45EBF3AB1F461DCE00A82FB9 /* ChannelVC.swift */; };
		69828946C2A892498273D301 /* Pods_CoolChat.framework in Frameworks */ = {isa = PBXBuildFile; fileRef = E2FC451E17A6E74F3EC7D799 /* Pods_CoolChat.framework */; };
/* End PBXBuildFile section */

/* Begin PBXFileReference section */
		458491211F46648A00C4976E /* LoginVC.swift */ = {isa = PBXFileReference; lastKnownFileType = sourcecode.swift; path = LoginVC.swift; sourceTree = "<group>"; };
		458491231F472DDE00C4976E /* CreateAccountVC.swift */ = {isa = PBXFileReference; lastKnownFileType = sourcecode.swift; path = CreateAccountVC.swift; sourceTree = "<group>"; };
		45CDFF021F4622ED00B31D6F /* GradientView.swift */ = {isa = PBXFileReference; lastKnownFileType = sourcecode.swift; path = GradientView.swift; sourceTree = "<group>"; };
		45E7476C1F46488E00B9D99C /* Constants.swift */ = {isa = PBXFileReference; lastKnownFileType = sourcecode.swift; path = Constants.swift; sourceTree = "<group>"; };
		45EBF38C1F45EB9A00A82FB9 /* CoolChat.app */ = {isa = PBXFileReference; explicitFileType = wrapper.application; includeInIndex = 0; path = CoolChat.app; sourceTree = BUILT_PRODUCTS_DIR; };
		45EBF38F1F45EB9A00A82FB9 /* AppDelegate.swift */ = {isa = PBXFileReference; lastKnownFileType = sourcecode.swift; path = AppDelegate.swift; sourceTree = "<group>"; };
		45EBF3941F45EB9A00A82FB9 /* Base */ = {isa = PBXFileReference; lastKnownFileType = file.storyboard; name = Base; path = Base.lproj/Main.storyboard; sourceTree = "<group>"; };
		45EBF3961F45EB9A00A82FB9 /* Assets.xcassets */ = {isa = PBXFileReference; lastKnownFileType = folder.assetcatalog; path = Assets.xcassets; sourceTree = "<group>"; };
		45EBF3991F45EB9A00A82FB9 /* Base */ = {isa = PBXFileReference; lastKnownFileType = file.storyboard; name = Base; path = Base.lproj/LaunchScreen.storyboard; sourceTree = "<group>"; };
		45EBF39B1F45EB9A00A82FB9 /* Info.plist */ = {isa = PBXFileReference; lastKnownFileType = text.plist.xml; path = Info.plist; sourceTree = "<group>"; };
		45EBF3A21F45F41B00A82FB9 /* CoolChat-Bridging-Header.h */ = {isa = PBXFileReference; lastKnownFileType = sourcecode.c.h; path = "CoolChat-Bridging-Header.h"; sourceTree = "<group>"; };
		45EBF3A31F45F41C00A82FB9 /* SWRevealViewController.h */ = {isa = PBXFileReference; fileEncoding = 4; lastKnownFileType = sourcecode.c.h; name = SWRevealViewController.h; path = "../../../../../Downloads/SWRevealViewController-master/SWRevealViewController/SWRevealViewController.h"; sourceTree = "<group>"; };
		45EBF3A41F45F41C00A82FB9 /* SWRevealViewController.m */ = {isa = PBXFileReference; fileEncoding = 4; lastKnownFileType = sourcecode.c.objc; name = SWRevealViewController.m; path = "../../../../../Downloads/SWRevealViewController-master/SWRevealViewController/SWRevealViewController.m"; sourceTree = "<group>"; };
		45EBF3A91F461DBC00A82FB9 /* ChatVC.swift */ = {isa = PBXFileReference; lastKnownFileType = sourcecode.swift; path = ChatVC.swift; sourceTree = "<group>"; };
		45EBF3AB1F461DCE00A82FB9 /* ChannelVC.swift */ = {isa = PBXFileReference; lastKnownFileType = sourcecode.swift; path = ChannelVC.swift; sourceTree = "<group>"; };
		C73300FE88B7669A8751C939 /* Pods-CoolChat.release.xcconfig */ = {isa = PBXFileReference; includeInIndex = 1; lastKnownFileType = text.xcconfig; name = "Pods-CoolChat.release.xcconfig"; path = "Pods/Target Support Files/Pods-CoolChat/Pods-CoolChat.release.xcconfig"; sourceTree = "<group>"; };
		E2FC451E17A6E74F3EC7D799 /* Pods_CoolChat.framework */ = {isa = PBXFileReference; explicitFileType = wrapper.framework; includeInIndex = 0; path = Pods_CoolChat.framework; sourceTree = BUILT_PRODUCTS_DIR; };
		E5AD5714729581AD986D33AD /* Pods-CoolChat.debug.xcconfig */ = {isa = PBXFileReference; includeInIndex = 1; lastKnownFileType = text.xcconfig; name = "Pods-CoolChat.debug.xcconfig"; path = "Pods/Target Support Files/Pods-CoolChat/Pods-CoolChat.debug.xcconfig"; sourceTree = "<group>"; };
/* End PBXFileReference section */

/* Begin PBXFrameworksBuildPhase section */
		45EBF3891F45EB9A00A82FB9 /* Frameworks */ = {
			isa = PBXFrameworksBuildPhase;
			buildActionMask = 2147483647;
			files = (
				69828946C2A892498273D301 /* Pods_CoolChat.framework in Frameworks */,
			);
			runOnlyForDeploymentPostprocessing = 0;
		};
/* End PBXFrameworksBuildPhase section */

/* Begin PBXGroup section */
		1E43B0CAD177CE42587328B4 /* Pods */ = {
			isa = PBXGroup;
			children = (
				E5AD5714729581AD986D33AD /* Pods-CoolChat.debug.xcconfig */,
				C73300FE88B7669A8751C939 /* Pods-CoolChat.release.xcconfig */,
			);
			name = Pods;
			sourceTree = "<group>";
		};
		45E7476B1F46487900B9D99C /* Utilities */ = {
			isa = PBXGroup;
			children = (
				45E7476C1F46488E00B9D99C /* Constants.swift */,
			);
			path = Utilities;
			sourceTree = "<group>";
		};
		45EBF3831F45EB9A00A82FB9 = {
			isa = PBXGroup;
			children = (
				45EBF38E1F45EB9A00A82FB9 /* CoolChat */,
				45EBF38D1F45EB9A00A82FB9 /* Products */,
				1E43B0CAD177CE42587328B4 /* Pods */,
				CF9888002C2D2B09281674AB /* Frameworks */,
			);
			sourceTree = "<group>";
		};
		45EBF38D1F45EB9A00A82FB9 /* Products */ = {
			isa = PBXGroup;
			children = (
				45EBF38C1F45EB9A00A82FB9 /* CoolChat.app */,
			);
			name = Products;
			sourceTree = "<group>";
		};
		45EBF38E1F45EB9A00A82FB9 /* CoolChat */ = {
			isa = PBXGroup;
			children = (
				45E7476B1F46487900B9D99C /* Utilities */,
				45EBF3A61F461D7300A82FB9 /* Model */,
				45EBF3A71F461D7D00A82FB9 /* View */,
				45EBF3A81F461D8500A82FB9 /* Controller */,
				45EBF3A11F45F3FB00A82FB9 /* Supporting Files */,
				45EBF38F1F45EB9A00A82FB9 /* AppDelegate.swift */,
				45EBF3931F45EB9A00A82FB9 /* Main.storyboard */,
				45EBF3961F45EB9A00A82FB9 /* Assets.xcassets */,
				45EBF3981F45EB9A00A82FB9 /* LaunchScreen.storyboard */,
				45EBF39B1F45EB9A00A82FB9 /* Info.plist */,
			);
			path = CoolChat;
			sourceTree = "<group>";
		};
		45EBF3A11F45F3FB00A82FB9 /* Supporting Files */ = {
			isa = PBXGroup;
			children = (
				45EBF3A31F45F41C00A82FB9 /* SWRevealViewController.h */,
				45EBF3A41F45F41C00A82FB9 /* SWRevealViewController.m */,
				45EBF3A21F45F41B00A82FB9 /* CoolChat-Bridging-Header.h */,
			);
			path = "Supporting Files";
			sourceTree = "<group>";
		};
		45EBF3A61F461D7300A82FB9 /* Model */ = {
			isa = PBXGroup;
			children = (
			);
			path = Model;
			sourceTree = "<group>";
		};
		45EBF3A71F461D7D00A82FB9 /* View */ = {
			isa = PBXGroup;
			children = (
				45CDFF021F4622ED00B31D6F /* GradientView.swift */,
			);
			path = View;
			sourceTree = "<group>";
		};
		45EBF3A81F461D8500A82FB9 /* Controller */ = {
			isa = PBXGroup;
			children = (
				45EBF3A91F461DBC00A82FB9 /* ChatVC.swift */,
				45EBF3AB1F461DCE00A82FB9 /* ChannelVC.swift */,
				458491211F46648A00C4976E /* LoginVC.swift */,
				458491231F472DDE00C4976E /* CreateAccountVC.swift */,
			);
			path = Controller;
			sourceTree = "<group>";
		};
		CF9888002C2D2B09281674AB /* Frameworks */ = {
			isa = PBXGroup;
			children = (
				E2FC451E17A6E74F3EC7D799 /* Pods_CoolChat.framework */,
			);
			name = Frameworks;
			sourceTree = "<group>";
		};
/* End PBXGroup section */

/* Begin PBXNativeTarget section */
		45EBF38B1F45EB9A00A82FB9 /* CoolChat */ = {
			isa = PBXNativeTarget;
			buildConfigurationList = 45EBF39E1F45EB9A00A82FB9 /* Build configuration list for PBXNativeTarget "CoolChat" */;
			buildPhases = (
				76CE9183048C65DE9580ECBE /* [CP] Check Pods Manifest.lock */,
				45EBF3881F45EB9A00A82FB9 /* Sources */,
				45EBF3891F45EB9A00A82FB9 /* Frameworks */,
				45EBF38A1F45EB9A00A82FB9 /* Resources */,
				A920409FC3C582DE0C545E50 /* [CP] Embed Pods Frameworks */,
				AC1483721AB1A8926EB32363 /* [CP] Copy Pods Resources */,
			);
			buildRules = (
			);
			dependencies = (
			);
			name = CoolChat;
			productName = CoolChat;
			productReference = 45EBF38C1F45EB9A00A82FB9 /* CoolChat.app */;
			productType = "com.apple.product-type.application";
		};
/* End PBXNativeTarget section */

/* Begin PBXProject section */
		45EBF3841F45EB9A00A82FB9 /* Project object */ = {
			isa = PBXProject;
			attributes = {
				LastSwiftUpdateCheck = 0900;
				LastUpgradeCheck = 0900;
				ORGANIZATIONNAME = CreativeIce;
				TargetAttributes = {
					45EBF38B1F45EB9A00A82FB9 = {
						CreatedOnToolsVersion = 9.0;
						LastSwiftMigration = 0900;
					};
				};
			};
			buildConfigurationList = 45EBF3871F45EB9A00A82FB9 /* Build configuration list for PBXProject "CoolChat" */;
			compatibilityVersion = "Xcode 8.0";
			developmentRegion = en;
			hasScannedForEncodings = 0;
			knownRegions = (
				en,
				Base,
			);
			mainGroup = 45EBF3831F45EB9A00A82FB9;
			productRefGroup = 45EBF38D1F45EB9A00A82FB9 /* Products */;
			projectDirPath = "";
			projectRoot = "";
			targets = (
				45EBF38B1F45EB9A00A82FB9 /* CoolChat */,
			);
		};
/* End PBXProject section */

/* Begin PBXResourcesBuildPhase section */
		45EBF38A1F45EB9A00A82FB9 /* Resources */ = {
			isa = PBXResourcesBuildPhase;
			buildActionMask = 2147483647;
			files = (
				45EBF39A1F45EB9A00A82FB9 /* LaunchScreen.storyboard in Resources */,
				45EBF3971F45EB9A00A82FB9 /* Assets.xcassets in Resources */,
				45EBF3951F45EB9A00A82FB9 /* Main.storyboard in Resources */,
			);
			runOnlyForDeploymentPostprocessing = 0;
		};
/* End PBXResourcesBuildPhase section */

/* Begin PBXShellScriptBuildPhase section */
		76CE9183048C65DE9580ECBE /* [CP] Check Pods Manifest.lock */ = {
			isa = PBXShellScriptBuildPhase;
			buildActionMask = 2147483647;
			files = (
			);
			inputPaths = (
			);
			name = "[CP] Check Pods Manifest.lock";
			outputPaths = (
			);
			runOnlyForDeploymentPostprocessing = 0;
			shellPath = /bin/sh;
			shellScript = "diff \"${PODS_ROOT}/../Podfile.lock\" \"${PODS_ROOT}/Manifest.lock\" > /dev/null\nif [ $? != 0 ] ; then\n    # print error to STDERR\n    echo \"error: The sandbox is not in sync with the Podfile.lock. Run 'pod install' or update your CocoaPods installation.\" >&2\n    exit 1\nfi\n";
			showEnvVarsInLog = 0;
		};
		A920409FC3C582DE0C545E50 /* [CP] Embed Pods Frameworks */ = {
			isa = PBXShellScriptBuildPhase;
			buildActionMask = 2147483647;
			files = (
			);
			inputPaths = (
			);
			name = "[CP] Embed Pods Frameworks";
			outputPaths = (
			);
			runOnlyForDeploymentPostprocessing = 0;
			shellPath = /bin/sh;
			shellScript = "\"${SRCROOT}/Pods/Target Support Files/Pods-CoolChat/Pods-CoolChat-frameworks.sh\"\n";
			showEnvVarsInLog = 0;
		};
		AC1483721AB1A8926EB32363 /* [CP] Copy Pods Resources */ = {
			isa = PBXShellScriptBuildPhase;
			buildActionMask = 2147483647;
			files = (
			);
			inputPaths = (
			);
			name = "[CP] Copy Pods Resources";
			outputPaths = (
			);
			runOnlyForDeploymentPostprocessing = 0;
			shellPath = /bin/sh;
			shellScript = "\"${SRCROOT}/Pods/Target Support Files/Pods-CoolChat/Pods-CoolChat-resources.sh\"\n";
			showEnvVarsInLog = 0;
		};
/* End PBXShellScriptBuildPhase section */

/* Begin PBXSourcesBuildPhase section */
		45EBF3881F45EB9A00A82FB9 /* Sources */ = {
			isa = PBXSourcesBuildPhase;
			buildActionMask = 2147483647;
			files = (
				45EBF3AC1F461DCE00A82FB9 /* ChannelVC.swift in Sources */,
				45EBF3AA1F461DBC00A82FB9 /* ChatVC.swift in Sources */,
				458491241F472DDE00C4976E /* CreateAccountVC.swift in Sources */,
				458491221F46648A00C4976E /* LoginVC.swift in Sources */,
				45CDFF031F4622ED00B31D6F /* GradientView.swift in Sources */,
				45EBF3901F45EB9A00A82FB9 /* AppDelegate.swift in Sources */,
				45EBF3A51F45F41C00A82FB9 /* SWRevealViewController.m in Sources */,
				45E7476D1F46488E00B9D99C /* Constants.swift in Sources */,
			);
			runOnlyForDeploymentPostprocessing = 0;
		};
/* End PBXSourcesBuildPhase section */

/* Begin PBXVariantGroup section */
		45EBF3931F45EB9A00A82FB9 /* Main.storyboard */ = {
			isa = PBXVariantGroup;
			children = (
				45EBF3941F45EB9A00A82FB9 /* Base */,
			);
			name = Main.storyboard;
			sourceTree = "<group>";
		};
		45EBF3981F45EB9A00A82FB9 /* LaunchScreen.storyboard */ = {
			isa = PBXVariantGroup;
			children = (
				45EBF3991F45EB9A00A82FB9 /* Base */,
			);
			name = LaunchScreen.storyboard;
			sourceTree = "<group>";
		};
/* End PBXVariantGroup section */

/* Begin XCBuildConfiguration section */
		45EBF39C1F45EB9A00A82FB9 /* Debug */ = {
			isa = XCBuildConfiguration;
			buildSettings = {
				ALWAYS_SEARCH_USER_PATHS = NO;
				CLANG_ANALYZER_NONNULL = YES;
				CLANG_ANALYZER_NUMBER_OBJECT_CONVERSION = YES_AGGRESSIVE;
				CLANG_CXX_LANGUAGE_STANDARD = "gnu++14";
				CLANG_CXX_LIBRARY = "libc++";
				CLANG_ENABLE_MODULES = YES;
				CLANG_ENABLE_OBJC_ARC = YES;
				CLANG_WARN_BLOCK_CAPTURE_AUTORELEASING = YES;
				CLANG_WARN_BOOL_CONVERSION = YES;
				CLANG_WARN_COMMA = YES;
				CLANG_WARN_CONSTANT_CONVERSION = YES;
				CLANG_WARN_DIRECT_OBJC_ISA_USAGE = YES_ERROR;
				CLANG_WARN_DOCUMENTATION_COMMENTS = YES;
				CLANG_WARN_EMPTY_BODY = YES;
				CLANG_WARN_ENUM_CONVERSION = YES;
				CLANG_WARN_INFINITE_RECURSION = YES;
				CLANG_WARN_INT_CONVERSION = YES;
				CLANG_WARN_NON_LITERAL_NULL_CONVERSION = YES;
				CLANG_WARN_OBJC_LITERAL_CONVERSION = YES;
				CLANG_WARN_OBJC_ROOT_CLASS = YES_ERROR;
				CLANG_WARN_RANGE_LOOP_ANALYSIS = YES;
				CLANG_WARN_STRICT_PROTOTYPES = YES;
				CLANG_WARN_SUSPICIOUS_MOVE = YES;
				CLANG_WARN_UNGUARDED_AVAILABILITY = YES_AGGRESSIVE;
				CLANG_WARN_UNREACHABLE_CODE = YES;
				CLANG_WARN__DUPLICATE_METHOD_MATCH = YES;
				CODE_SIGN_IDENTITY = "iPhone Developer";
				COPY_PHASE_STRIP = NO;
				DEBUG_INFORMATION_FORMAT = dwarf;
				ENABLE_STRICT_OBJC_MSGSEND = YES;
				ENABLE_TESTABILITY = YES;
				GCC_C_LANGUAGE_STANDARD = gnu11;
				GCC_DYNAMIC_NO_PIC = NO;
				GCC_NO_COMMON_BLOCKS = YES;
				GCC_OPTIMIZATION_LEVEL = 0;
				GCC_PREPROCESSOR_DEFINITIONS = (
					"DEBUG=1",
					"$(inherited)",
				);
				GCC_WARN_64_TO_32_BIT_CONVERSION = YES;
				GCC_WARN_ABOUT_RETURN_TYPE = YES_ERROR;
				GCC_WARN_UNDECLARED_SELECTOR = YES;
				GCC_WARN_UNINITIALIZED_AUTOS = YES_AGGRESSIVE;
				GCC_WARN_UNUSED_FUNCTION = YES;
				GCC_WARN_UNUSED_VARIABLE = YES;
				IPHONEOS_DEPLOYMENT_TARGET = 11.0;
				MTL_ENABLE_DEBUG_INFO = YES;
				ONLY_ACTIVE_ARCH = YES;
				SDKROOT = iphoneos;
				SWIFT_ACTIVE_COMPILATION_CONDITIONS = DEBUG;
				SWIFT_OPTIMIZATION_LEVEL = "-Onone";
			};
			name = Debug;
		};
		45EBF39D1F45EB9A00A82FB9 /* Release */ = {
			isa = XCBuildConfiguration;
			buildSettings = {
				ALWAYS_SEARCH_USER_PATHS = NO;
				CLANG_ANALYZER_NONNULL = YES;
				CLANG_ANALYZER_NUMBER_OBJECT_CONVERSION = YES_AGGRESSIVE;
				CLANG_CXX_LANGUAGE_STANDARD = "gnu++14";
				CLANG_CXX_LIBRARY = "libc++";
				CLANG_ENABLE_MODULES = YES;
				CLANG_ENABLE_OBJC_ARC = YES;
				CLANG_WARN_BLOCK_CAPTURE_AUTORELEASING = YES;
				CLANG_WARN_BOOL_CONVERSION = YES;
				CLANG_WARN_COMMA = YES;
				CLANG_WARN_CONSTANT_CONVERSION = YES;
				CLANG_WARN_DIRECT_OBJC_ISA_USAGE = YES_ERROR;
				CLANG_WARN_DOCUMENTATION_COMMENTS = YES;
				CLANG_WARN_EMPTY_BODY = YES;
				CLANG_WARN_ENUM_CONVERSION = YES;
				CLANG_WARN_INFINITE_RECURSION = YES;
				CLANG_WARN_INT_CONVERSION = YES;
				CLANG_WARN_NON_LITERAL_NULL_CONVERSION = YES;
				CLANG_WARN_OBJC_LITERAL_CONVERSION = YES;
				CLANG_WARN_OBJC_ROOT_CLASS = YES_ERROR;
				CLANG_WARN_RANGE_LOOP_ANALYSIS = YES;
				CLANG_WARN_STRICT_PROTOTYPES = YES;
				CLANG_WARN_SUSPICIOUS_MOVE = YES;
				CLANG_WARN_UNGUARDED_AVAILABILITY = YES_AGGRESSIVE;
				CLANG_WARN_UNREACHABLE_CODE = YES;
				CLANG_WARN__DUPLICATE_METHOD_MATCH = YES;
				CODE_SIGN_IDENTITY = "iPhone Developer";
				COPY_PHASE_STRIP = NO;
				DEBUG_INFORMATION_FORMAT = "dwarf-with-dsym";
				ENABLE_NS_ASSERTIONS = NO;
				ENABLE_STRICT_OBJC_MSGSEND = YES;
				GCC_C_LANGUAGE_STANDARD = gnu11;
				GCC_NO_COMMON_BLOCKS = YES;
				GCC_WARN_64_TO_32_BIT_CONVERSION = YES;
				GCC_WARN_ABOUT_RETURN_TYPE = YES_ERROR;
				GCC_WARN_UNDECLARED_SELECTOR = YES;
				GCC_WARN_UNINITIALIZED_AUTOS = YES_AGGRESSIVE;
				GCC_WARN_UNUSED_FUNCTION = YES;
				GCC_WARN_UNUSED_VARIABLE = YES;
				IPHONEOS_DEPLOYMENT_TARGET = 11.0;
				MTL_ENABLE_DEBUG_INFO = NO;
				SDKROOT = iphoneos;
				SWIFT_OPTIMIZATION_LEVEL = "-Owholemodule";
				VALIDATE_PRODUCT = YES;
			};
			name = Release;
		};
		45EBF39F1F45EB9A00A82FB9 /* Debug */ = {
			isa = XCBuildConfiguration;
			baseConfigurationReference = E5AD5714729581AD986D33AD /* Pods-CoolChat.debug.xcconfig */;
			buildSettings = {
				ASSETCATALOG_COMPILER_APPICON_NAME = AppIcon;
				CLANG_ENABLE_MODULES = YES;
				DEVELOPMENT_TEAM = 7LVD7K98P2;
				INFOPLIST_FILE = CoolChat/Info.plist;
				LD_RUNPATH_SEARCH_PATHS = "$(inherited) @executable_path/Frameworks";
				PRODUCT_BUNDLE_IDENTIFIER = ca.CreativeIce.CoolChat;
				PRODUCT_NAME = "$(TARGET_NAME)";
				SWIFT_OBJC_BRIDGING_HEADER = "CoolChat/Supporting Files/CoolChat-Bridging-Header.h";
				SWIFT_OPTIMIZATION_LEVEL = "-Onone";
				SWIFT_VERSION = 4.0;
				TARGETED_DEVICE_FAMILY = "1,2";
			};
			name = Debug;
		};
		45EBF3A01F45EB9A00A82FB9 /* Release */ = {
			isa = XCBuildConfiguration;
			baseConfigurationReference = C73300FE88B7669A8751C939 /* Pods-CoolChat.release.xcconfig */;
			buildSettings = {
				ASSETCATALOG_COMPILER_APPICON_NAME = AppIcon;
				CLANG_ENABLE_MODULES = YES;
				DEVELOPMENT_TEAM = 7LVD7K98P2;
				INFOPLIST_FILE = CoolChat/Info.plist;
				LD_RUNPATH_SEARCH_PATHS = "$(inherited) @executable_path/Frameworks";
				PRODUCT_BUNDLE_IDENTIFIER = ca.CreativeIce.CoolChat;
				PRODUCT_NAME = "$(TARGET_NAME)";
				SWIFT_OBJC_BRIDGING_HEADER = "CoolChat/Supporting Files/CoolChat-Bridging-Header.h";
				SWIFT_VERSION = 4.0;
				TARGETED_DEVICE_FAMILY = "1,2";
			};
			name = Release;
		};
/* End XCBuildConfiguration section */

/* Begin XCConfigurationList section */
		45EBF3871F45EB9A00A82FB9 /* Build configuration list for PBXProject "CoolChat" */ = {
			isa = XCConfigurationList;
			buildConfigurations = (
				45EBF39C1F45EB9A00A82FB9 /* Debug */,
				45EBF39D1F45EB9A00A82FB9 /* Release */,
			);
			defaultConfigurationIsVisible = 0;
			defaultConfigurationName = Release;
		};
		45EBF39E1F45EB9A00A82FB9 /* Build configuration list for PBXNativeTarget "CoolChat" */ = {
			isa = XCConfigurationList;
			buildConfigurations = (
				45EBF39F1F45EB9A00A82FB9 /* Debug */,
				45EBF3A01F45EB9A00A82FB9 /* Release */,
			);
			defaultConfigurationIsVisible = 0;
			defaultConfigurationName = Release;
		};
/* End XCConfigurationList section */
	};
	rootObject = 45EBF3841F45EB9A00A82FB9 /* Project object */;
}
